{
  "version": 2,
  "dependencies": {
    "net10.0": {
      "bunit": {
        "type": "Direct",
        "requested": "[2.9.0, )",
        "resolved": "2.9.0",
        "contentHash": "Jz9ywwpjjYHppFDw4bIMkk5cNOy0vN74p3PzJFVIlCZicK8vpAovM5LsuNDLKE4bpwISNKrjwSrsw4SIVzT+0g==",
        "dependencies": {
          "AngleSharp": "1.7.0",
          "AngleSharp.Css": "1.0.1",
          "AngleSharp.Diffing": "1.1.1",
          "Microsoft.AspNetCore.Components.WebAssembly": "10.0.10",
          "Microsoft.AspNetCore.Components.WebAssembly.Authentication": "10.0.10"
        }
      },
      "TUnit": {
        "type": "Direct",
        "requested": "[1.65.0, )",
        "resolved": "1.65.0",
        "contentHash": "wq831IVFrokjSBIDvqgsKll59WRsOeAAXHWcYbU8mWv6VpZASv5FpU85aRzVNMkAFSwsuQGqthJIdKpyQDpF9g==",
        "dependencies": {
          "Microsoft.Testing.Extensions.CodeCoverage": "18.10.0",
          "Microsoft.Testing.Extensions.Telemetry": "2.3.3",
          "Microsoft.Testing.Extensions.TrxReport": "2.3.3",
          "TUnit.Assertions": "1.65.0",
          "TUnit.Engine": "1.65.0"
        }
      },
      "TUnit.AspNetCore": {
        "type": "Direct",
        "requested": "[1.65.0, )",
        "resolved": "1.65.0",
        "contentHash": "5piNfRnULmrAmwlKgtGzJwizdJH1NRdAii2dyKBh+EUVkp9NzaBhHfEhdX+VoziQ7+YFOo7bf4zHYt/3Ik7X1Q==",
        "dependencies": {
          "TUnit": "1.65.0",
          "TUnit.AspNetCore.Core": "1.65.0"
        }
      },
      "AngleSharp": {
        "type": "Transitive",
        "resolved": "1.7.0",
        "contentHash": "v1R++46dblGRBo2/fKFUfgtZOaFnDGQhqBM0AarxgZSJuumj1e1vexBbjlTv2hx3Olr3qeoJa2yUoWyv5fuJ5A=="
      },
      "AngleSharp.Css": {
        "type": "Transitive",
        "resolved": "1.0.1",
        "contentHash": "6S13xNHH+SUGPZd6EO1MhkuDbpEnFroUM6A8DZpLJHQnLRTvtBJb3Ydu65s618E4gWF9FSWmM5jhKk4RIfwT2A==",
        "dependencies": {
          "AngleSharp": "[1.5.0, 2.0.0)"
        }
      },
      "AngleSharp.Diffing": {
        "type": "Transitive",
        "resolved": "1.1.1",
        "contentHash": "Uzz5895TpRyMA4t8GExmq4TxXqi3+bZTgb3kJgH+tdwrSuo9CO6Dlmv+Oqyhb2pNRfbnReLUzhlHAuT7c+3jSg==",
        "dependencies": {
          "AngleSharp": "1.1.2",
          "AngleSharp.Css": "1.0.0-beta.144"
        }
      },
      "Microsoft.ApplicationInsights": {
        "type": "Transitive",
        "resolved": "2.23.0",
        "contentHash": "nWArUZTdU7iqZLycLKWe0TDms48KKGE6pONH2terYNa8REXiqixrMOkf1sk5DHGMaUTqONU2YkS4SAXBhLStgw=="
      },
      "Microsoft.AspNetCore.Components.WebAssembly": {
        "type": "Transitive",
        "resolved": "10.0.10",
        "contentHash": "0Zib7U6HmGw4Noj/+yJz1YuEJwo3XOV0iLezXDLFsrHTaC8L+KUOR/1+1tX7AAeipDG6jP3gPZOwpirk6G3LYQ==",
        "dependencies": {
          "Microsoft.JSInterop.WebAssembly": "10.0.10"
        }
      },
      "Microsoft.AspNetCore.Components.WebAssembly.Authentication": {
        "type": "Transitive",
        "resolved": "10.0.10",
        "contentHash": "D2GIsqVJ2+tVDViJmbEF4tc+gxhdAl5xkBAMZHWCJV7Pt+oBkU2omBSRbgVTq3N2OgreVNSp7w+FrZNgu97d5A=="
      },
      "Microsoft.AspNetCore.Mvc.Testing": {
        "type": "Transitive",
        "resolved": "10.0.11",
        "contentHash": "BJi3rpYETlh0wd14Lg5Is9MWvEf55TAGd7yo+xGHuEZp7ololyvftbQZ1i7ZuITA7DgNPJED6EMhFSWycq7SBg==",
        "dependencies": {
          "Microsoft.AspNetCore.TestHost": "10.0.11",
          "Microsoft.Extensions.DependencyModel": "10.0.11"
        }
      },
      "Microsoft.AspNetCore.TestHost": {
        "type": "Transitive",
        "resolved": "10.0.11",
        "contentHash": "IVGNbZVxLuL80y7cmXYfhIFoTGneHkp4D7xXarYe6V/wjo8/2qiSLUwWax1/h2eHtJ3Y5cuqmtpOyWMnXIsUMA=="
      },
      "Microsoft.Data.Sqlite.Core": {
        "type": "Transitive",
        "resolved": "10.0.11",
        "contentHash": "hubA20AGenQ4Sx0ElWaPpB8DISjXpdx463+1zOGRslsT0e/t/06ITv+pHsop8CcJ0d8PZLfgnT7juCDVD79Dkw==",
        "dependencies": {
          "SQLitePCLRaw.core": "2.1.12"
        }
      },
      "Microsoft.DiaSymReader": {
        "type": "Transitive",
        "resolved": "2.2.10",
        "contentHash": "zmGsm6b2y3STDa/Of7rdkkfTDV8VuGB8aCqIkLoJIQh5tL78K3zJ8OUyFKnfsaORXmGr9iOKwDkZfUjeXi+CwA=="
      },
      "Microsoft.EntityFrameworkCore": {
        "type": "Transitive",
        "resolved": "10.0.11",
        "contentHash": "VOSGU8en6HZJs8t7UMFN+9vGcRgVOOn6fA44Ngcg2NyvJ3P1KE94iAb0XzaVaGhXGtt+qaM/VtEn0/hzluQJeg==",
        "dependencies": {
          "Microsoft.EntityFrameworkCore.Abstractions": "10.0.11",
          "Microsoft.EntityFrameworkCore.Analyzers": "10.0.11"
        }
      },
      "Microsoft.EntityFrameworkCore.Abstractions": {
        "type": "Transitive",
        "resolved": "10.0.11",
        "contentHash": "6auJR+9+9VunznKfH7WGrHMrnrmA0F7JZ22EXzwXvVhjfnbu9Xq7NSIWaOf3KJsOanM2qf5ajJ2JR5TlcPZTLA=="
      },
      "Microsoft.EntityFrameworkCore.Analyzers": {
        "type": "Transitive",
        "resolved": "10.0.11",
        "contentHash": "Bv7X4wSSnzCQED9WYXKJ8fwgyvKwf0xZM1GO8xkf6CF9zl+UBnvjxmcPnokJRy0JKjc1SlHSzzhx1HcL4jitTQ=="
      },
      "Microsoft.EntityFrameworkCore.Relational": {
        "type": "Transitive",
        "resolved": "10.0.11",
        "contentHash": "grznnTJgEYxaWpdKAsTzg6j+89jHgCXWYp+QGtlX5O92+w/VuhWM6JLPYb+uw8M9VhGUvOTsO76dYOy9vNPd5Q==",
        "dependencies": {
          "Microsoft.EntityFrameworkCore": "10.0.11"
        }
      },
      "Microsoft.EntityFrameworkCore.Sqlite.Core": {
        "type": "Transitive",
        "resolved": "10.0.11",
        "contentHash": "ywTQKt32xnVhCzjEQAqFufpEyXkOUfvW/EC/s4xnS8Xaor2xXE+TMUyzhgACqXtZEU5IR95y94RDzHto55Fx7w==",
        "dependencies": {
          "Microsoft.Data.Sqlite.Core": "10.0.11",
          "Microsoft.EntityFrameworkCore.Relational": "10.0.11",
          "Microsoft.Extensions.DependencyModel": "10.0.11",
          "SQLitePCLRaw.core": "2.1.12"
        }
      },
      "Microsoft.Extensions.DependencyModel": {
        "type": "Transitive",
        "resolved": "10.0.11",
        "contentHash": "PJPtFYsZ+r+uz9qqXWUTEyKeJ1EiBGIJtqavkg9ZXijjGSFAk4Fgi5sqIxj+uAyLZwEKgexDUQXhWhvU6l3+og=="
      },
      "Microsoft.JSInterop.WebAssembly": {
        "type": "Transitive",
        "resolved": "10.0.10",
        "contentHash": "FjPAGQWbCP85FWY2Wl9opHSsY+u9nZb8Ui6eTVHEMY/RJateOhW78jEtC4QOQ/6slkS1MKyIAF6ZHIrUR1fX/w=="
      },
      "Microsoft.Testing.Extensions.CodeCoverage": {
        "type": "Transitive",
        "resolved": "18.10.0",
        "contentHash": "elUX4tKloHh2VCxagbmhV1039xBuE3lKXITtt/hUYU286hl+ja8poOUsF9OnevKoFKt7+p9vLb1LqqW7rFGi9Q==",
        "dependencies": {
          "Microsoft.DiaSymReader": "2.2.10",
          "Microsoft.Extensions.DependencyModel": "10.0.10",
          "Microsoft.Testing.Platform": "2.3.3"
        }
      },
      "Microsoft.Testing.Extensions.Telemetry": {
        "type": "Transitive",
        "resolved": "2.3.3",
        "contentHash": "nY8ceQyPWB9TRE1WE5Oe/sks2e10SxgPv61vBHsFYpgCeDtNwhpMZwmL29GklO3/etTdOsLdrCmNr4zJWaR2fg==",
        "dependencies": {
          "Microsoft.ApplicationInsights": "2.23.0",
          "Microsoft.Testing.Platform": "2.3.3"
        }
      },
      "Microsoft.Testing.Extensions.TrxReport": {
        "type": "Transitive",
        "resolved": "2.3.3",
        "contentHash": "vYBqGSlT94B8d6d4PRdPQ83ogn3kK4kXcnI3SlHBHZu1XsU01IDTMnWoto5v5wXN/Mz4XsVM3Do/sJdGRgH29g==",
        "dependencies": {
          "Microsoft.Testing.Extensions.TrxReport.Abstractions": "2.3.3",
          "Microsoft.Testing.Platform": "2.3.3"
        }
      },
      "Microsoft.Testing.Extensions.TrxReport.Abstractions": {
        "type": "Transitive",
        "resolved": "2.3.3",
        "contentHash": "dceVNxnfTEjKnrIreLcMfkgrzzBY8kgCCJX5NAv7Lq/6vPlTP4VB5zxKeuYy0yfCoBtWuPkLjUG6qtOBMfpypA==",
        "dependencies": {
          "Microsoft.Testing.Platform": "2.3.3"
        }
      },
      "Microsoft.Testing.Platform": {
        "type": "Transitive",
        "resolved": "2.3.3",
        "contentHash": "ENbH4BQh9riXtOKc25KKITfiGGWhWMBJA7pZuNaF9zxzzSaVkp5AMeZxGQ6sXYaR6xb724NLz985Is6XIYqLSg=="
      },
      "Microsoft.Testing.Platform.MSBuild": {
        "type": "Transitive",
        "resolved": "2.3.3",
        "contentHash": "iVAvNbZ5JPDZSrTcIrCDoCsAkzjDxwDEt2mDuMd8ng1P6e2P2NCd0g0BsoBVG+nJLSmK//V+yeEvjCa3E2fxHw==",
        "dependencies": {
          "Microsoft.Testing.Platform": "2.3.3"
        }
      },
      "OpenTelemetry": {
        "type": "Transitive",
        "resolved": "1.17.0",
        "contentHash": "rMLOTftlMlTm7+MSrvXDHnJRjVkROFNKXHZrYjOsX+LankaFG7QSflx7qRRGjoqZoirohnxmJQ7GEb9occO4Gg==",
        "dependencies": {
          "OpenTelemetry.Api.ProviderBuilderExtensions": "1.17.0"
        }
      },
      "OpenTelemetry.Api": {
        "type": "Transitive",
        "resolved": "1.17.0",
        "contentHash": "mSBxzomZgHIJu9CyVNqyDu/n2JHEtqVgfcCD1Br0cV5iLYogjZOMqhlVLt99PEp+0KGBNUR3GXgeOdN2GR3F9g=="
      },
      "OpenTelemetry.Api.ProviderBuilderExtensions": {
        "type": "Transitive",
        "resolved": "1.17.0",
        "contentHash": "Xgc3Qf9B9TFMFpx6exTdGqMWuYIT2miNzkdMPutVvT9YuMFaEovXWke1Gb6z8NxYaQbbGF38vYLuSg1JCeui5Q==",
        "dependencies": {
          "OpenTelemetry.Api": "1.17.0"
        }
      },
      "OpenTelemetry.Exporter.OpenTelemetryProtocol": {
        "type": "Transitive",
        "resolved": "1.17.0",
        "contentHash": "R1omQOrQpGlS0Cp5UIr/TAiuEA48JrPlgr1NPV5gESiTU7HhWU+ILe2EBSYb1fKdsSavZ7nZkHcUxAzofPqr2A==",
        "dependencies": {
          "OpenTelemetry": "1.17.0"
        }
      },
      "OpenTelemetry.Extensions.Hosting": {
        "type": "Transitive",
        "resolved": "1.17.0",
        "contentHash": "t1OwL/4qgboGMobYVT+UV5zgWnFqCp4Pw8lcsmzh8m2K8PQsTKkyxrC32tqYTMYny3GOW4q5cltE3dTVzLmRew==",
        "dependencies": {
          "OpenTelemetry": "1.17.0"
        }
      },
      "OpenTelemetry.Instrumentation.AspNetCore": {
        "type": "Transitive",
        "resolved": "1.17.0",
        "contentHash": "rGbmk1vuy1kvgZmE0ps7Vb99YZvDap6AalrrF60FwnNit1uW/PbeFZj1cpb0T8MPkYmjhBrRJ1/JB6QqXkRjHA==",
        "dependencies": {
          "OpenTelemetry.Api.ProviderBuilderExtensions": "[1.17.0, 2.0.0)"
        }
      },
      "OpenTelemetry.Instrumentation.Http": {
        "type": "Transitive",
        "resolved": "1.17.0",
        "contentHash": "uTwVtxIJ/xB96wGYTaDsbkJVeCFdUxTwvrlDUn2YJixy0UuKc8DvQMzwKNJMTzNFiiyYO9c40id6tUHTmWs33A==",
        "dependencies": {
          "OpenTelemetry.Api.ProviderBuilderExtensions": "[1.17.0, 2.0.0)"
        }
      },
      "SQLitePCLRaw.bundle_e_sqlite3": {
        "type": "Transitive",
        "resolved": "2.1.12",
        "contentHash": "mAgscpQMLw5/nfA1Q5oJVAT29yROUo1ifZGbbTpx/lwZpSxMUGoYbKfmvdm8oXER+RzxqBmmQzeBEVKfeHv2nw==",
        "dependencies": {
          "SQLitePCLRaw.lib.e_sqlite3": "2.1.12",
          "SQLitePCLRaw.provider.e_sqlite3": "2.1.12"
        }
      },
      "SQLitePCLRaw.core": {
        "type": "Transitive",
        "resolved": "2.1.12",
        "contentHash": "ETpNw9DY3ckWLgRRAeCHj+GKOuPi61aeczkXhgHexUvqoZBAYg8RYESE2J7O1M7+o6QbdSEZwrw9bfqztUVWXg=="
      },
      "SQLitePCLRaw.lib.e_sqlite3": {
        "type": "Transitive",
        "resolved": "2.1.12",
        "contentHash": "fWi8Dbknuhgg72fWinIdjXVaqO1hHL4YBBwVLnr7e1c9TAZwJ0QE38j9syW1hwx6HaqEVTwI+O07WPdZn8Rp0w=="
      },
      "SQLitePCLRaw.provider.e_sqlite3": {
        "type": "Transitive",
        "resolved": "2.1.12",
        "contentHash": "W3oH4XIfCzFrgUSDKHhN6N+dgzA5YHOR2VxX8GB6Qy7CyrJJgxPEG8NirgYWlPQC5P2jz2knSsexWu4tDUL33g==",
        "dependencies": {
          "SQLitePCLRaw.core": "2.1.12"
        }
      },
      "TUnit.AspNetCore.Core": {
        "type": "Transitive",
        "resolved": "1.65.0",
        "contentHash": "vh2+uJAS74uHZV+0SP1uraOfeca0EEofDZ2Tx/6xDqa//BlMlO5s/j0ryh70CuIgCXwivR2g21IsvQyTwcxZ+A==",
        "dependencies": {
          "Microsoft.AspNetCore.Mvc.Testing": "10.0.11",
          "OpenTelemetry.Extensions.Hosting": "1.17.0",
          "OpenTelemetry.Instrumentation.AspNetCore": "1.17.0",
          "OpenTelemetry.Instrumentation.Http": "1.17.0",
          "TUnit.Core": "1.65.0",
          "TUnit.Logging.Microsoft": "1.65.0",
          "TUnit.OpenTelemetry": "1.65.0"
        }
      },
      "TUnit.Assertions": {
        "type": "Transitive",
        "resolved": "1.65.0",
        "contentHash": "HHczI/o5Ji+aWmSSbxMdP7nUp4CtyQFdb6ijtakXKU7rWIk2iHfmu3VWTga8smygzAWz7LDHJX+SfytovE+FWg=="
      },
      "TUnit.Core": {
        "type": "Transitive",
        "resolved": "1.65.0",
        "contentHash": "l1BS6dUQzbHF+y2VtO6REZzZwP30kOA62+s21htByauqXRK/3046FRNWJFTyS0Hk6afSnYcAYEMDY6hpUHMwPQ=="
      },
      "TUnit.Engine": {
        "type": "Transitive",
        "resolved": "1.65.0",
        "contentHash": "BVKin8E59syA1SHmWKKHVWIoY6c9e0rGcAuh27ECp076vn1ktvZjgYps5ZUPHafePgHAT4oTZPKCTZP5hR69VQ==",
        "dependencies": {
          "Microsoft.Testing.Extensions.TrxReport.Abstractions": "2.3.3",
          "Microsoft.Testing.Platform": "2.3.3",
          "Microsoft.Testing.Platform.MSBuild": "2.3.3",
          "TUnit.Core": "1.65.0"
        }
      },
      "TUnit.Logging.Microsoft": {
        "type": "Transitive",
        "resolved": "1.65.0",
        "contentHash": "l/GJUfdg7ndFoBto+nfnIH3w2h+gk92jHSogcVMTL4na7r77EdLCYqnxeKhfnsZyU24sXug3hu9ysjw8ZfBHfQ==",
        "dependencies": {
          "TUnit.Core": "1.65.0"
        }
      },
      "TUnit.OpenTelemetry": {
        "type": "Transitive",
        "resolved": "1.65.0",
        "contentHash": "hqPCbyIM+MNsp4HwvZkIPBU74DZKmf99LkqyECtYFr6IB5IrXjUXtPLXiYt2uxrZtfIhu37khTsI5TRuSQWgbg==",
        "dependencies": {
          "OpenTelemetry": "1.17.0",
          "OpenTelemetry.Exporter.OpenTelemetryProtocol": "1.17.0",
          "TUnit.Core": "1.65.0"
        }
      },
      "logiclab.application": {
        "type": "Project",
        "dependencies": {
          "LogicLab.Domain": "[1.0.0, )",
          "LogicLab.Engine": "[1.0.0, )",
          "LogicLab.ProjectFormat": "[1.0.0, )"
        }
      },
      "logiclab.domain": {
        "type": "Project"
      },
      "logiclab.engine": {
        "type": "Project",
        "dependencies": {
          "LogicLab.Domain": "[1.0.0, )"
        }
      },
      "logiclab.infrastructure": {
        "type": "Project",
        "dependencies": {
          "LogicLab.Application": "[1.0.0, )",
          "LogicLab.Domain": "[1.0.0, )",
          "Microsoft.EntityFrameworkCore.Sqlite": "[10.0.11, )"
        }
      },
      "logiclab.presentation": {
        "type": "Project",
        "dependencies": {
          "LogicLab.Domain": "[1.0.0, )"
        }
      },
      "logiclab.projectformat": {
        "type": "Project",
        "dependencies": {
          "LogicLab.Domain": "[1.0.0, )"
        }
      },
      "logiclab.web": {
        "type": "Project",
        "dependencies": {
          "LogicLab.Application": "[1.0.0, )",
          "LogicLab.Infrastructure": "[1.0.0, )",
          "LogicLab.Presentation": "[1.0.0, )",
          "Microsoft.AspNetCore.Identity.EntityFrameworkCore": "[10.0.11, )",
          "Microsoft.FluentUI.AspNetCore.Components": "[5.0.0-rc.5-26219.1, )"
        }
      },
      "Microsoft.AspNetCore.Identity.EntityFrameworkCore": {
        "type": "CentralTransitive",
        "requested": "[10.0.11, )",
        "resolved": "10.0.11",
        "contentHash": "N3+Fs465t08FyrQ+uoQyYH6TehLjtuGr/v5IjlFZANBbsivq9M5xFCVD25Ktq+HpWCfWXIrRjoakgymzO2trlw==",
        "dependencies": {
          "Microsoft.EntityFrameworkCore.Relational": "10.0.11"
        }
      },
      "Microsoft.EntityFrameworkCore.Sqlite": {
        "type": "CentralTransitive",
        "requested": "[10.0.11, )",
        "resolved": "10.0.11",
        "contentHash": "jc7iVrhQyInR3loraMESfEFaFOtQOB1mRKHjX6QYC9o7YDbfMNbAPnIwlpffnFwhXd6/27FKaaV+sWSoLd4F1g==",
        "dependencies": {
          "Microsoft.EntityFrameworkCore.Sqlite.Core": "10.0.11",
          "Microsoft.Extensions.DependencyModel": "10.0.11",
          "SQLitePCLRaw.bundle_e_sqlite3": "2.1.12",
          "SQLitePCLRaw.core": "2.1.12"
        }
      },
      "Microsoft.FluentUI.AspNetCore.Components": {
        "type": "CentralTransitive",
        "requested": "[5.0.0-rc.5-26219.1, )",
        "resolved": "5.0.0-rc.5-26219.1",
        "contentHash": "bVvvbP9cZXf1pwAZnvwptC5sheW9EP20NsVl3AJsaTZzBx4qqLa5Xu9QqJMHMR3bJdQIwLQ4DCO3zbmKVMJUsw=="
      }
    }
  }
}