{
  "version": 2,
  "dependencies": {
    "net10.0": {
      "FsCheck": {
        "type": "Direct",
        "requested": "[3.4.0, )",
        "resolved": "3.4.0",
        "contentHash": "wkWR1DORrKd46W6MEhmS4muo/0kgrtUV/AGW1ohMWemy7WukcRH8T3JjkDpn/daOHk0yVqf0CBvScU17Ab//PA==",
        "dependencies": {
          "FSharp.Core": "5.0.2"
        }
      },
      "TUnit": {
        "type": "Direct",
        "requested": "[1.65.68, )",
        "resolved": "1.65.68",
        "contentHash": "m9T37lAzkKxAbnj3PkKQ9irRC0CvL8P2tuE2UzRyEsaaWMZZXIDHmSqjs4RDN4URnvT8iFfp3/1TLPUi4cwtXg==",
        "dependencies": {
          "Microsoft.Testing.Extensions.CodeCoverage": "18.10.0",
          "Microsoft.Testing.Extensions.Telemetry": "2.3.3",
          "Microsoft.Testing.Extensions.TrxReport": "2.3.3",
          "TUnit.Assertions": "1.65.68",
          "TUnit.Engine": "1.65.68"
        }
      },
      "TUnit.FsCheck": {
        "type": "Direct",
        "requested": "[1.65.68, )",
        "resolved": "1.65.68",
        "contentHash": "lqGxMv3lWB5oAqwgu405ZELl+NHDG5AcT0MHOAQAK/L18L9HNjeZ1bOlqwQBnc+Pgk88kSzgs1qRY2YoovNIxg==",
        "dependencies": {
          "FsCheck": "3.4.0",
          "TUnit": "1.65.68"
        }
      },
      "FSharp.Core": {
        "type": "Transitive",
        "resolved": "5.0.2",
        "contentHash": "DpcajqENgb3VXaHw1FKfVS+TWwEzck1PCajqLwBAVrtd1lfxd7T8JISVZBdV1mX9+2g48+tIgpNaVJWObdMrBw=="
      },
      "Microsoft.ApplicationInsights": {
        "type": "Transitive",
        "resolved": "2.23.0",
        "contentHash": "nWArUZTdU7iqZLycLKWe0TDms48KKGE6pONH2terYNa8REXiqixrMOkf1sk5DHGMaUTqONU2YkS4SAXBhLStgw=="
      },
      "Microsoft.DiaSymReader": {
        "type": "Transitive",
        "resolved": "2.2.10",
        "contentHash": "zmGsm6b2y3STDa/Of7rdkkfTDV8VuGB8aCqIkLoJIQh5tL78K3zJ8OUyFKnfsaORXmGr9iOKwDkZfUjeXi+CwA=="
      },
      "Microsoft.Extensions.DependencyModel": {
        "type": "Transitive",
        "resolved": "10.0.10",
        "contentHash": "rfZA1RjR021RPqSmIPovfz2aOd79TGqJ9BengbjnzIISOVwjLmuSDnhCMmiY/1c6iYvGolQ1iNGzkav0u11XEA=="
      },
      "Microsoft.Testing.Extensions.CodeCoverage": {
        "type": "Transitive",
        "resolved": "18.10.0",
        "contentHash": "elUX4tKloHh2VCxagbmhV1039xBuE3lKXITtt/hUYU286hl+ja8poOUsF9OnevKoFKt7+p9vLb1LqqW7rFGi9Q==",
        "dependencies": {
          "Microsoft.DiaSymReader": "2.2.10",
          "Microsoft.Extensions.DependencyModel": "10.0.10",
          "Microsoft.Testing.Platform": "2.3.3"
        }
      },
      "Microsoft.Testing.Extensions.Telemetry": {
        "type": "Transitive",
        "resolved": "2.3.3",
        "contentHash": "nY8ceQyPWB9TRE1WE5Oe/sks2e10SxgPv61vBHsFYpgCeDtNwhpMZwmL29GklO3/etTdOsLdrCmNr4zJWaR2fg==",
        "dependencies": {
          "Microsoft.ApplicationInsights": "2.23.0",
          "Microsoft.Testing.Platform": "2.3.3"
        }
      },
      "Microsoft.Testing.Extensions.TrxReport": {
        "type": "Transitive",
        "resolved": "2.3.3",
        "contentHash": "vYBqGSlT94B8d6d4PRdPQ83ogn3kK4kXcnI3SlHBHZu1XsU01IDTMnWoto5v5wXN/Mz4XsVM3Do/sJdGRgH29g==",
        "dependencies": {
          "Microsoft.Testing.Extensions.TrxReport.Abstractions": "2.3.3",
          "Microsoft.Testing.Platform": "2.3.3"
        }
      },
      "Microsoft.Testing.Extensions.TrxReport.Abstractions": {
        "type": "Transitive",
        "resolved": "2.3.3",
        "contentHash": "dceVNxnfTEjKnrIreLcMfkgrzzBY8kgCCJX5NAv7Lq/6vPlTP4VB5zxKeuYy0yfCoBtWuPkLjUG6qtOBMfpypA==",
        "dependencies": {
          "Microsoft.Testing.Platform": "2.3.3"
        }
      },
      "Microsoft.Testing.Platform": {
        "type": "Transitive",
        "resolved": "2.3.3",
        "contentHash": "ENbH4BQh9riXtOKc25KKITfiGGWhWMBJA7pZuNaF9zxzzSaVkp5AMeZxGQ6sXYaR6xb724NLz985Is6XIYqLSg=="
      },
      "Microsoft.Testing.Platform.MSBuild": {
        "type": "Transitive",
        "resolved": "2.3.3",
        "contentHash": "iVAvNbZ5JPDZSrTcIrCDoCsAkzjDxwDEt2mDuMd8ng1P6e2P2NCd0g0BsoBVG+nJLSmK//V+yeEvjCa3E2fxHw==",
        "dependencies": {
          "Microsoft.Testing.Platform": "2.3.3"
        }
      },
      "TUnit.Assertions": {
        "type": "Transitive",
        "resolved": "1.65.68",
        "contentHash": "9k88ue1cG4Gt2M2le3VQrdWK3ngTxSXdnXshvsVr3jeH80ZmBTGIZ5K5EdZpIkdca6j10pcMmJSHuFhkSz85Nw=="
      },
      "TUnit.Core": {
        "type": "Transitive",
        "resolved": "1.65.68",
        "contentHash": "5uE6TGXwY/ozRgz5qNLK+n6XGfS2tgG8AA2loA1YilBZTMgbnv2QoPdyBPS4f/uQQZ1sclCq7zdF1aUQkDxNug=="
      },
      "TUnit.Engine": {
        "type": "Transitive",
        "resolved": "1.65.68",
        "contentHash": "1D0LcIzrz7th8AP8vHGK/5vWsxa4QnJurMRGuo6y+vzDePkfCRXGGirLd7Cty8Bs87dIFaiRI9AvAKWDzkOHuQ==",
        "dependencies": {
          "Microsoft.Testing.Extensions.TrxReport.Abstractions": "2.3.3",
          "Microsoft.Testing.Platform": "2.3.3",
          "Microsoft.Testing.Platform.MSBuild": "2.3.3",
          "TUnit.Core": "1.65.68"
        }
      },
      "logiclab.domain": {
        "type": "Project"
      }
    }
  }
}